
Microsoft Visual Studio Solution File, Format Version 12.00
# Visual Studio Version 17
VisualStudioVersion = 17.9.34728.123
MinimumVisualStudioVersion = 10.0.40219.1
Project("{FAE04EC0-301F-11D3-BF4B-00C04F79EFBC}") = "UserManagementWeb", "UserManagementWeb\UserManagementWeb.csproj", "{67A73C63-02A5-4C83-92B9-A30F85F8A953}"
EndProject
Global
	GlobalSection(SolutionConfigurationPlatforms) = preSolution
		Debug|Any CPU = Debug|Any CPU
		Release|Any CPU = Release|Any CPU
	EndGlobalSection
	GlobalSection(ProjectConfigurationPlatforms) = postSolution
		{67A73C63-02A5-4C83-92B9-A30F85F8A953}.Debug|Any CPU.ActiveCfg = Debug|Any CPU
		{67A73C63-02A5-4C83-92B9-A30F85F8A953}.Debug|Any CPU.Build.0 = Debug|Any CPU
		{67A73C63-02A5-4C83-92B9-A30F85F8A953}.Release|Any CPU.ActiveCfg = Release|Any CPU
		{67A73C63-02A5-4C83-92B9-A30F85F8A953}.Release|Any CPU.Build.0 = Release|Any CPU
	EndGlobalSection
	GlobalSection(SolutionProperties) = preSolution
		HideSolutionNode = FALSE
	EndGlobalSection
	GlobalSection(ExtensibilityGlobals) = postSolution
		SolutionGuid = {C2EE318C-316B-44A9-BADF-6BD139242783}
	EndGlobalSection
EndGlobal
